{
  "name": "bugsbunny-repo",
  "lockfileVersion": 3,
  "requires": true,
  "packages": {
    "": {
      "dependencies": {
        "web-vitals": "^6.2.1"
      }
    },
    "node_modules/web-vitals": {
      "version": "6.2.1",
      "resolved": "https://registry.npmjs.org/web-vitals/-/web-vitals-6.2.1.tgz",
      "integrity": "sha512-rLcLXA2sx6+9dE88NHFubwTtGxpK4yYBLj6qHPdFoCaLr0cXGb4efOqtKLlm4loGA4OEKHIQKMKzZkKyOh5ctw=="
    }
  }
}
